<?xml version="1.0" encoding="utf-8"?>
<Project ToolsVersion="4.0" xmlns="http://schemas.microsoft.com/developer/msbuild/2003">
  <ItemGroup>
    <Filter Include="Source Files">
      <UniqueIdentifier>{4FC737F1-C7A5-4376-A066-2A32D752A2FF}</UniqueIdentifier>
      <Extensions>cpp;c;cc;cxx;def;odl;idl;hpj;bat;asm;asmx</Extensions>
    </Filter>
    <Filter Include="Header Files">
      <UniqueIdentifier>{93995380-89BD-4b04-88EB-625FBE52EBFB}</UniqueIdentifier>
      <Extensions>h;hh;hpp;hxx;hm;inl;inc;ipp;xsd</Extensions>
    </Filter>
    <Filter Include="Resource Files">
      <UniqueIdentifier>{67DA6AB6-F800-4c08-8B7A-83BB121AAD01}</UniqueIdentifier>
      <Extensions>rc;ico;cur;bmp;dlg;rc2;rct;bin;rgs;gif;jpg;jpeg;jpe;resx;tiff;tif;png;wav;mfcribbon-ms</Extensions>
    </Filter>
    <Filter Include="Resource Files\SequenceList">
      <UniqueIdentifier>{a4985f4f-ed39-45f5-be5d-e947b45d6fd7}</UniqueIdentifier>
    </Filter>
    <Filter Include="Resource Files\SinglyLinkedList">
      <UniqueIdentifier>{91935b27-6637-44d4-858e-ee076fddcf0e}</UniqueIdentifier>
    </Filter>
    <Filter Include="Resource Files\DualCycleList">
      <UniqueIdentifier>{9365b057-d7c8-4f67-8fae-cc9ab11b83fb}</UniqueIdentifier>
    </Filter>
    <Filter Include="Resource Files\StaticList">
      <UniqueIdentifier>{ca6f9859-ee74-4024-9e5b-a5b9fcd8dcd6}</UniqueIdentifier>
    </Filter>
    <Filter Include="Resource Files\SequenceList\FunctionPrototype">
      <UniqueIdentifier>{065656d6-c959-4f23-9eb1-b627f9cd813f}</UniqueIdentifier>
    </Filter>
    <Filter Include="Resource Files\SequenceList\Algorithm">
      <UniqueIdentifier>{852ac124-662f-4131-b629-db3c358c3287}</UniqueIdentifier>
    </Filter>
    <Filter Include="Resource Files\ListSort">
      <UniqueIdentifier>{c791802b-33c8-41c3-a9e2-91e6e354be90}</UniqueIdentifier>
    </Filter>
    <Filter Include="Header Files\NewFilter1">
      <UniqueIdentifier>{36e2102f-4da5-4005-a22c-b24056ac7b8d}</UniqueIdentifier>
    </Filter>
  </ItemGroup>
  <ItemGroup>
    <ClInclude Include="SequenceList.h">
      <Filter>Resource Files\SequenceList</Filter>
    </ClInclude>
    <ClInclude Include="SqListImplement.h">
      <Filter>Resource Files\SequenceList</Filter>
    </ClInclude>
    <ClInclude Include="AlgorithmPrototype.h">
      <Filter>Resource Files\SequenceList\FunctionPrototype</Filter>
    </ClInclude>
    <ClInclude Include="List_Algorithm.h">
      <Filter>Resource Files\SequenceList\Algorithm</Filter>
    </ClInclude>
    <ClInclude Include="SinglyLinkedList.h">
      <Filter>Resource Files\SinglyLinkedList</Filter>
    </ClInclude>
    <ClInclude Include="LinkList_Algorithm.h">
      <Filter>Resource Files\SinglyLinkedList</Filter>
    </ClInclude>
    <ClInclude Include="LinkedListImplement.h">
      <Filter>Resource Files\SinglyLinkedList</Filter>
    </ClInclude>
    <ClInclude Include="StaticLinkedList.h">
      <Filter>Resource Files\StaticList</Filter>
    </ClInclude>
    <ClInclude Include="SLImplement.h">
      <Filter>Resource Files\StaticList</Filter>
    </ClInclude>
    <ClInclude Include="DualCycleImplement.h">
      <Filter>Resource Files\DualCycleList</Filter>
    </ClInclude>
    <ClInclude Include="DualCycleLinkedList.h">
      <Filter>Resource Files\DualCycleList</Filter>
    </ClInclude>
    <ClInclude Include="MySort.h">
      <Filter>Resource Files\ListSort</Filter>
    </ClInclude>
  </ItemGroup>
  <ItemGroup>
    <ClCompile Include="TestLinkedList.c">
      <Filter>Source Files</Filter>
    </ClCompile>
    <ClCompile Include="TestSequenceList.c">
      <Filter>Source Files</Filter>
    </ClCompile>
    <ClCompile Include="TestSort.c">
      <Filter>Source Files</Filter>
    </ClCompile>
  </ItemGroup>
</Project>